
Microsoft Visual Studio Solution File, Format Version 12.00
# Visual Studio 14
VisualStudioVersion = 14.0.25420.1
MinimumVisualStudioVersion = 10.0.40219.1
Project("{2150E333-8FDC-42A3-9474-1A3956D46DE8}") = "src", "src", "{90F66D2C-5E08-465E-AB01-6B3C52A6235D}"
EndProject
Project("{2150E333-8FDC-42A3-9474-1A3956D46DE8}") = "Solution Items", "Solution Items", "{97AC2F85-1429-4A21-818A-23100FCE0656}"
	ProjectSection(SolutionItems) = preProject
		global.json = global.json
	EndProjectSection
EndProject
Project("{8BB2217D-0F2D-49D1-97BC-3654ED321F3B}") = "PartyInvites", "src\PartyInvites\PartyInvites.xproj", "{069BD2C0-1BCB-4C7F-B9C8-8630F240BD9E}"
EndProject
Global
	GlobalSection(SolutionConfigurationPlatforms) = preSolution
		Debug|Any CPU = Debug|Any CPU
		Release|Any CPU = Release|Any CPU
	EndGlobalSection
	GlobalSection(ProjectConfigurationPlatforms) = postSolution
		{069BD2C0-1BCB-4C7F-B9C8-8630F240BD9E}.Debug|Any CPU.ActiveCfg = Debug|Any CPU
		{069BD2C0-1BCB-4C7F-B9C8-8630F240BD9E}.Debug|Any CPU.Build.0 = Debug|Any CPU
		{069BD2C0-1BCB-4C7F-B9C8-8630F240BD9E}.Release|Any CPU.ActiveCfg = Release|Any CPU
		{069BD2C0-1BCB-4C7F-B9C8-8630F240BD9E}.Release|Any CPU.Build.0 = Release|Any CPU
	EndGlobalSection
	GlobalSection(SolutionProperties) = preSolution
		HideSolutionNode = FALSE
	EndGlobalSection
	GlobalSection(NestedProjects) = preSolution
		{069BD2C0-1BCB-4C7F-B9C8-8630F240BD9E} = {90F66D2C-5E08-465E-AB01-6B3C52A6235D}
	EndGlobalSection
EndGlobal
